
Microsoft Visual Studio Solution File, Format Version 12.00
# Visual Studio Version 17
VisualStudioVersion = 17.6.33829.357
MinimumVisualStudioVersion = 10.0.40219.1
Project("{FAE04EC0-301F-11D3-BF4B-00C04F79EFBC}") = "Buoi01_1", "Buoi01_1\Buoi01_1.csproj", "{288291CA-8B79-452C-B2AE-4BB5F694EF4A}"
EndProject
Project("{FAE04EC0-301F-11D3-BF4B-00C04F79EFBC}") = "Buoi01_2", "Buoi01_2\Buoi01_2.csproj", "{BE2E40D1-5C9E-4C41-A3B7-8F73F972E271}"
EndProject
Project("{FAE04EC0-301F-11D3-BF4B-00C04F79EFBC}") = "Buoi01_3", "Buoi01_3\Buoi01_3.csproj", "{25889A93-C7EA-443F-8C7F-D64DF84FDEE8}"
EndProject
Project("{FAE04EC0-301F-11D3-BF4B-00C04F79EFBC}") = "Buoi01_4", "Buoi1_4\Buoi01_4.csproj", "{121B4C0A-71A7-4738-9D2E-3D5DCE75FCEF}"
EndProject
Project("{FAE04EC0-301F-11D3-BF4B-00C04F79EFBC}") = "Buoi01_5", "Buoi1_5\Buoi01_5.csproj", "{6E3D57FC-A48A-45E1-835F-B176D18BF03F}"
EndProject
Project("{FAE04EC0-301F-11D3-BF4B-00C04F79EFBC}") = "Buoi01_6", "Buoi1_6\Buoi01_6.csproj", "{895FF0E5-4C09-4657-BCDB-C0469A54A96F}"
EndProject
Project("{FAE04EC0-301F-11D3-BF4B-00C04F79EFBC}") = "Buoi01_7", "Buoi1_7\Buoi01_7.csproj", "{4ABB73EE-616C-4643-8FD0-6A9F3BE1C438}"
EndProject
Project("{FAE04EC0-301F-11D3-BF4B-00C04F79EFBC}") = "Buoi02_1", "Buoi02_1\Buoi02_1.csproj", "{292454AA-5E15-4CFF-B745-8FE88B9CDEA2}"
EndProject
Project("{FAE04EC0-301F-11D3-BF4B-00C04F79EFBC}") = "Buoi02_2", "Buoi02_2\Buoi02_2.csproj", "{824B7716-A55C-4865-8ED4-57CAE6610FDC}"
EndProject
Project("{FAE04EC0-301F-11D3-BF4B-00C04F79EFBC}") = "Buoi02_3", "Buoi02_3\Buoi02_3.csproj", "{1D40BDDF-0B41-4CAB-B9F2-0004F9E887CA}"
EndProject
Project("{FAE04EC0-301F-11D3-BF4B-00C04F79EFBC}") = "Buoi02_4", "Buoi02_4\Buoi02_4.csproj", "{B48D5EFA-6D54-46BB-A946-BEE0B3DA8FF2}"
EndProject
Project("{FAE04EC0-301F-11D3-BF4B-00C04F79EFBC}") = "Buoi03_1", "Bai03_1\Buoi03_1.csproj", "{2161B891-D0AE-455A-99D1-B71B57C02FE2}"
EndProject
Project("{FAE04EC0-301F-11D3-BF4B-00C04F79EFBC}") = "Buoi03_2", "Buoi03_2\Buoi03_2.csproj", "{C1C6AC1C-6964-4508-90D3-2A350FFBACCD}"
EndProject
Project("{FAE04EC0-301F-11D3-BF4B-00C04F79EFBC}") = "Buoi3_3", "Buoi3_3\Buoi3_3.csproj", "{52224276-10BB-4D3D-9C09-4A4FD1A549DB}"
EndProject
Project("{FAE04EC0-301F-11D3-BF4B-00C04F79EFBC}") = "Buoi3_4", "Buoi03_4\Buoi3_4.csproj", "{A447BDFC-07B4-402E-A68B-7E07400EF236}"
EndProject
Global
	GlobalSection(SolutionConfigurationPlatforms) = preSolution
		Debug|Any CPU = Debug|Any CPU
		Release|Any CPU = Release|Any CPU
	EndGlobalSection
	GlobalSection(ProjectConfigurationPlatforms) = postSolution
		{288291CA-8B79-452C-B2AE-4BB5F694EF4A}.Debug|Any CPU.ActiveCfg = Debug|Any CPU
		{288291CA-8B79-452C-B2AE-4BB5F694EF4A}.Debug|Any CPU.Build.0 = Debug|Any CPU
		{288291CA-8B79-452C-B2AE-4BB5F694EF4A}.Release|Any CPU.ActiveCfg = Release|Any CPU
		{288291CA-8B79-452C-B2AE-4BB5F694EF4A}.Release|Any CPU.Build.0 = Release|Any CPU
		{BE2E40D1-5C9E-4C41-A3B7-8F73F972E271}.Debug|Any CPU.ActiveCfg = Debug|Any CPU
		{BE2E40D1-5C9E-4C41-A3B7-8F73F972E271}.Debug|Any CPU.Build.0 = Debug|Any CPU
		{BE2E40D1-5C9E-4C41-A3B7-8F73F972E271}.Release|Any CPU.ActiveCfg = Release|Any CPU
		{BE2E40D1-5C9E-4C41-A3B7-8F73F972E271}.Release|Any CPU.Build.0 = Release|Any CPU
		{25889A93-C7EA-443F-8C7F-D64DF84FDEE8}.Debug|Any CPU.ActiveCfg = Debug|Any CPU
		{25889A93-C7EA-443F-8C7F-D64DF84FDEE8}.Debug|Any CPU.Build.0 = Debug|Any CPU
		{25889A93-C7EA-443F-8C7F-D64DF84FDEE8}.Release|Any CPU.ActiveCfg = Release|Any CPU
		{25889A93-C7EA-443F-8C7F-D64DF84FDEE8}.Release|Any CPU.Build.0 = Release|Any CPU
		{121B4C0A-71A7-4738-9D2E-3D5DCE75FCEF}.Debug|Any CPU.ActiveCfg = Debug|Any CPU
		{121B4C0A-71A7-4738-9D2E-3D5DCE75FCEF}.Debug|Any CPU.Build.0 = Debug|Any CPU
		{121B4C0A-71A7-4738-9D2E-3D5DCE75FCEF}.Release|Any CPU.ActiveCfg = Release|Any CPU
		{121B4C0A-71A7-4738-9D2E-3D5DCE75FCEF}.Release|Any CPU.Build.0 = Release|Any CPU
		{6E3D57FC-A48A-45E1-835F-B176D18BF03F}.Debug|Any CPU.ActiveCfg = Debug|Any CPU
		{6E3D57FC-A48A-45E1-835F-B176D18BF03F}.Debug|Any CPU.Build.0 = Debug|Any CPU
		{6E3D57FC-A48A-45E1-835F-B176D18BF03F}.Release|Any CPU.ActiveCfg = Release|Any CPU
		{6E3D57FC-A48A-45E1-835F-B176D18BF03F}.Release|Any CPU.Build.0 = Release|Any CPU
		{895FF0E5-4C09-4657-BCDB-C0469A54A96F}.Debug|Any CPU.ActiveCfg = Debug|Any CPU
		{895FF0E5-4C09-4657-BCDB-C0469A54A96F}.Debug|Any CPU.Build.0 = Debug|Any CPU
		{895FF0E5-4C09-4657-BCDB-C0469A54A96F}.Release|Any CPU.ActiveCfg = Release|Any CPU
		{895FF0E5-4C09-4657-BCDB-C0469A54A96F}.Release|Any CPU.Build.0 = Release|Any CPU
		{4ABB73EE-616C-4643-8FD0-6A9F3BE1C438}.Debug|Any CPU.ActiveCfg = Debug|Any CPU
		{4ABB73EE-616C-4643-8FD0-6A9F3BE1C438}.Debug|Any CPU.Build.0 = Debug|Any CPU
		{4ABB73EE-616C-4643-8FD0-6A9F3BE1C438}.Release|Any CPU.ActiveCfg = Release|Any CPU
		{4ABB73EE-616C-4643-8FD0-6A9F3BE1C438}.Release|Any CPU.Build.0 = Release|Any CPU
		{292454AA-5E15-4CFF-B745-8FE88B9CDEA2}.Debug|Any CPU.ActiveCfg = Debug|Any CPU
		{292454AA-5E15-4CFF-B745-8FE88B9CDEA2}.Debug|Any CPU.Build.0 = Debug|Any CPU
		{292454AA-5E15-4CFF-B745-8FE88B9CDEA2}.Release|Any CPU.ActiveCfg = Release|Any CPU
		{292454AA-5E15-4CFF-B745-8FE88B9CDEA2}.Release|Any CPU.Build.0 = Release|Any CPU
		{824B7716-A55C-4865-8ED4-57CAE6610FDC}.Debug|Any CPU.ActiveCfg = Debug|Any CPU
		{824B7716-A55C-4865-8ED4-57CAE6610FDC}.Debug|Any CPU.Build.0 = Debug|Any CPU
		{824B7716-A55C-4865-8ED4-57CAE6610FDC}.Release|Any CPU.ActiveCfg = Release|Any CPU
		{824B7716-A55C-4865-8ED4-57CAE6610FDC}.Release|Any CPU.Build.0 = Release|Any CPU
		{1D40BDDF-0B41-4CAB-B9F2-0004F9E887CA}.Debug|Any CPU.ActiveCfg = Debug|Any CPU
		{1D40BDDF-0B41-4CAB-B9F2-0004F9E887CA}.Debug|Any CPU.Build.0 = Debug|Any CPU
		{1D40BDDF-0B41-4CAB-B9F2-0004F9E887CA}.Release|Any CPU.ActiveCfg = Release|Any CPU
		{1D40BDDF-0B41-4CAB-B9F2-0004F9E887CA}.Release|Any CPU.Build.0 = Release|Any CPU
		{B48D5EFA-6D54-46BB-A946-BEE0B3DA8FF2}.Debug|Any CPU.ActiveCfg = Debug|Any CPU
		{B48D5EFA-6D54-46BB-A946-BEE0B3DA8FF2}.Debug|Any CPU.Build.0 = Debug|Any CPU
		{B48D5EFA-6D54-46BB-A946-BEE0B3DA8FF2}.Release|Any CPU.ActiveCfg = Release|Any CPU
		{B48D5EFA-6D54-46BB-A946-BEE0B3DA8FF2}.Release|Any CPU.Build.0 = Release|Any CPU
		{2161B891-D0AE-455A-99D1-B71B57C02FE2}.Debug|Any CPU.ActiveCfg = Debug|Any CPU
		{2161B891-D0AE-455A-99D1-B71B57C02FE2}.Debug|Any CPU.Build.0 = Debug|Any CPU
		{2161B891-D0AE-455A-99D1-B71B57C02FE2}.Release|Any CPU.ActiveCfg = Release|Any CPU
		{2161B891-D0AE-455A-99D1-B71B57C02FE2}.Release|Any CPU.Build.0 = Release|Any CPU
		{C1C6AC1C-6964-4508-90D3-2A350FFBACCD}.Debug|Any CPU.ActiveCfg = Debug|Any CPU
		{C1C6AC1C-6964-4508-90D3-2A350FFBACCD}.Debug|Any CPU.Build.0 = Debug|Any CPU
		{C1C6AC1C-6964-4508-90D3-2A350FFBACCD}.Release|Any CPU.ActiveCfg = Release|Any CPU
		{C1C6AC1C-6964-4508-90D3-2A350FFBACCD}.Release|Any CPU.Build.0 = Release|Any CPU
		{52224276-10BB-4D3D-9C09-4A4FD1A549DB}.Debug|Any CPU.ActiveCfg = Debug|Any CPU
		{52224276-10BB-4D3D-9C09-4A4FD1A549DB}.Debug|Any CPU.Build.0 = Debug|Any CPU
		{52224276-10BB-4D3D-9C09-4A4FD1A549DB}.Release|Any CPU.ActiveCfg = Release|Any CPU
		{52224276-10BB-4D3D-9C09-4A4FD1A549DB}.Release|Any CPU.Build.0 = Release|Any CPU
		{A447BDFC-07B4-402E-A68B-7E07400EF236}.Debug|Any CPU.ActiveCfg = Debug|Any CPU
		{A447BDFC-07B4-402E-A68B-7E07400EF236}.Debug|Any CPU.Build.0 = Debug|Any CPU
		{A447BDFC-07B4-402E-A68B-7E07400EF236}.Release|Any CPU.ActiveCfg = Release|Any CPU
		{A447BDFC-07B4-402E-A68B-7E07400EF236}.Release|Any CPU.Build.0 = Release|Any CPU
	EndGlobalSection
	GlobalSection(SolutionProperties) = preSolution
		HideSolutionNode = FALSE
	EndGlobalSection
	GlobalSection(ExtensibilityGlobals) = postSolution
		SolutionGuid = {B381D00A-1BE7-47F0-87F6-234CB0AB20CD}
	EndGlobalSection
EndGlobal
